{
  "name": "calustra-orm",
  "version": "0.2.6",
  "lockfileVersion": 2,
  "requires": true,
  "packages": {
    "": {
      "name": "calustra-orm",
      "version": "0.2.6",
      "license": "MIT",
      "dependencies": {
        "cacheiro": "^0.0.8",
        "calustra-conn": "file:../conn",
        "intre": "^1.0.3"
      }
    },
    "../conn": {
      "version": "0.2.6",
      "license": "MIT",
      "dependencies": {
        "cacheiro": "^0.0.8",
        "calustra-query": "file:../query",
        "farrapa-colors": "^1.0.7",
        "pg-promise": "^11.2.0",
        "sqlite3": "^5.1.5"
      },
      "engines": {
        "node": ">=16.0.0 <=16.14.0",
        "npm": ">=8.0.0 <8.3.2"
      }
    },
    "node_modules/cacheiro": {
      "version": "0.0.8",
      "resolved": "https://registry.npmjs.org/cacheiro/-/cacheiro-0.0.8.tgz",
      "integrity": "sha512-rxTLrRVnM400ZEzSCEUqj9e54U48rNaDVlJpqaT2HYLgWlRaqh3uVndBeLXOG2CgETyAq84kuHN/FR8JMoORyw=="
    },
    "node_modules/calustra-conn": {
      "resolved": "../conn",
      "link": true
    },
    "node_modules/intre": {
      "version": "1.1.2",
      "resolved": "https://registry.npmjs.org/intre/-/intre-1.1.2.tgz",
      "integrity": "sha512-eeTzLHJtmG/coZw79VRYD9Be0K38CEPQP581qSLV+rfT+EBZi78OczElzGZQUyRgfvfAn7cYAZ2Uvzp3yRINhw==",
      "dependencies": {
        "moment": ">=2.29.1"
      },
      "peerDependencies": {
        "moment": ">=2.29.1"
      }
    },
    "node_modules/moment": {
      "version": "2.29.4",
      "resolved": "https://registry.npmjs.org/moment/-/moment-2.29.4.tgz",
      "integrity": "sha512-5LC9SOxjSc2HF6vO2CyuTDNivEdoz2IvyJJGj6X8DJ0eFyfszE0QiEd+iXmBvUP3WHxSjFH/vIsA0EN00cgr8w==",
      "engines": {
        "node": "*"
      }
    }
  },
  "dependencies": {
    "cacheiro": {
      "version": "0.0.8",
      "resolved": "https://registry.npmjs.org/cacheiro/-/cacheiro-0.0.8.tgz",
      "integrity": "sha512-rxTLrRVnM400ZEzSCEUqj9e54U48rNaDVlJpqaT2HYLgWlRaqh3uVndBeLXOG2CgETyAq84kuHN/FR8JMoORyw=="
    },
    "calustra-conn": {
      "version": "file:../conn",
      "requires": {
        "cacheiro": "^0.0.8",
        "calustra-query": "file:../query",
        "farrapa-colors": "^1.0.7",
        "pg-promise": "^11.2.0",
        "sqlite3": "^5.1.5"
      }
    },
    "intre": {
      "version": "1.1.2",
      "resolved": "https://registry.npmjs.org/intre/-/intre-1.1.2.tgz",
      "integrity": "sha512-eeTzLHJtmG/coZw79VRYD9Be0K38CEPQP581qSLV+rfT+EBZi78OczElzGZQUyRgfvfAn7cYAZ2Uvzp3yRINhw==",
      "requires": {
        "moment": ">=2.29.1"
      }
    },
    "moment": {
      "version": "2.29.4",
      "resolved": "https://registry.npmjs.org/moment/-/moment-2.29.4.tgz",
      "integrity": "sha512-5LC9SOxjSc2HF6vO2CyuTDNivEdoz2IvyJJGj6X8DJ0eFyfszE0QiEd+iXmBvUP3WHxSjFH/vIsA0EN00cgr8w=="
    }
  }
}
