{
  "name": "calustra-orm",
  "version": "0.2.6",
  "lockfileVersion": 2,
  "requires": true,
  "packages": {
    "": {
      "name": "calustra-orm",
      "version": "0.2.6",
      "license": "MIT",
      "dependencies": {
        "cacheiro": "^0.0.10",
        "calustra-conn": "file:../conn",
        "intre": "^1.1.5"
      }
    },
    "../conn": {
      "version": "0.2.6",
      "license": "MIT",
      "dependencies": {
        "cacheiro": "^0.0.10",
        "calustra-query": "file:../query",
        "pg-promise": "^11.2.0",
        "sqlite3": "^5.1.5",
        "tinguir": "^0.0.3"
      },
      "engines": {
        "node": ">=16.0.0 <=16.14.0",
        "npm": ">=8.0.0 <8.3.2"
      }
    },
    "node_modules/cacheiro": {
      "version": "0.0.10",
      "resolved": "https://registry.npmjs.org/cacheiro/-/cacheiro-0.0.10.tgz",
      "integrity": "sha512-bfmTYGYy9RrekBz07lRynWYHwMhzCCPNVoS+4hj2DslN94JN5WA66zIEstFzj7e9AcFn7ZkGT24nYQas6bunmg=="
    },
    "node_modules/calustra-conn": {
      "resolved": "../conn",
      "link": true
    },
    "node_modules/intre": {
      "version": "1.1.5",
      "resolved": "https://registry.npmjs.org/intre/-/intre-1.1.5.tgz",
      "integrity": "sha512-de2YdNJru3exkPrZFBQgquYAYEt3AkIGUen7eiebIUd+4gK7o31oaCumPW5EMrSnBdwWqIS6PZA3PP1Wark61A==",
      "dependencies": {
        "moment": ">=2.29.1"
      },
      "peerDependencies": {
        "moment": ">=2.29.1"
      }
    },
    "node_modules/moment": {
      "version": "2.29.4",
      "resolved": "https://registry.npmjs.org/moment/-/moment-2.29.4.tgz",
      "integrity": "sha512-5LC9SOxjSc2HF6vO2CyuTDNivEdoz2IvyJJGj6X8DJ0eFyfszE0QiEd+iXmBvUP3WHxSjFH/vIsA0EN00cgr8w==",
      "engines": {
        "node": "*"
      }
    }
  },
  "dependencies": {
    "cacheiro": {
      "version": "0.0.10",
      "resolved": "https://registry.npmjs.org/cacheiro/-/cacheiro-0.0.10.tgz",
      "integrity": "sha512-bfmTYGYy9RrekBz07lRynWYHwMhzCCPNVoS+4hj2DslN94JN5WA66zIEstFzj7e9AcFn7ZkGT24nYQas6bunmg=="
    },
    "calustra-conn": {
      "version": "file:../conn",
      "requires": {
        "cacheiro": "^0.0.10",
        "calustra-query": "file:../query",
        "pg-promise": "^11.2.0",
        "sqlite3": "^5.1.5",
        "tinguir": "^0.0.3"
      }
    },
    "intre": {
      "version": "1.1.5",
      "resolved": "https://registry.npmjs.org/intre/-/intre-1.1.5.tgz",
      "integrity": "sha512-de2YdNJru3exkPrZFBQgquYAYEt3AkIGUen7eiebIUd+4gK7o31oaCumPW5EMrSnBdwWqIS6PZA3PP1Wark61A==",
      "requires": {
        "moment": ">=2.29.1"
      }
    },
    "moment": {
      "version": "2.29.4",
      "resolved": "https://registry.npmjs.org/moment/-/moment-2.29.4.tgz",
      "integrity": "sha512-5LC9SOxjSc2HF6vO2CyuTDNivEdoz2IvyJJGj6X8DJ0eFyfszE0QiEd+iXmBvUP3WHxSjFH/vIsA0EN00cgr8w=="
    }
  }
}
