{
  "name": "calustra-query",
  "version": "0.2.6",
  "lockfileVersion": 2,
  "requires": true,
  "packages": {
    "": {
      "name": "calustra-query",
      "version": "0.2.6",
      "license": "MIT",
      "dependencies": {
        "farrapa-colors": "^1.0.7"
      }
    },
    "node_modules/farrapa-colors": {
      "version": "1.0.8",
      "resolved": "https://registry.npmjs.org/farrapa-colors/-/farrapa-colors-1.0.8.tgz",
      "integrity": "sha512-55YjZhAxoriaSltbS9t7NOLD3pdtDnixWhtERzUjNZWLhi6q4Wh9E8lwQUEQqdfpbksp8h6FiKpAnswciCPOew=="
    }
  },
  "dependencies": {
    "farrapa-colors": {
      "version": "1.0.8",
      "resolved": "https://registry.npmjs.org/farrapa-colors/-/farrapa-colors-1.0.8.tgz",
      "integrity": "sha512-55YjZhAxoriaSltbS9t7NOLD3pdtDnixWhtERzUjNZWLhi6q4Wh9E8lwQUEQqdfpbksp8h6FiKpAnswciCPOew=="
    }
  }
}
