{
  "name": "calustra-query",
  "version": "0.2.6",
  "lockfileVersion": 2,
  "requires": true,
  "packages": {
    "": {
      "name": "calustra-query",
      "version": "0.2.6",
      "license": "MIT",
      "dependencies": {
        "tinguir": "^0.0.3"
      }
    },
    "node_modules/tinguir": {
      "version": "0.0.3",
      "resolved": "https://registry.npmjs.org/tinguir/-/tinguir-0.0.3.tgz",
      "integrity": "sha512-r6VB/gI3Sym2PJnu8niios6m2M1ZQnXkox0op73Q4PvWZfNLdTok95hn2JAtcvhlS/qVW6ytfbx77li7e4ITIw=="
    }
  },
  "dependencies": {
    "tinguir": {
      "version": "0.0.3",
      "resolved": "https://registry.npmjs.org/tinguir/-/tinguir-0.0.3.tgz",
      "integrity": "sha512-r6VB/gI3Sym2PJnu8niios6m2M1ZQnXkox0op73Q4PvWZfNLdTok95hn2JAtcvhlS/qVW6ytfbx77li7e4ITIw=="
    }
  }
}
